// !$*UTF8*$!
{
	archiveVersion = 1;
	classes = {
	};
	objectVersion = 77;
	objects = {

/* Begin PBXBuildFile section */
		091870AC03241FE022E04587 /* Pods_Mitr_MitrUITests.framework in Frameworks */ = {isa = PBXBuildFile; fileRef = 681D1FAFFB09A112F9662F48 /* Pods_Mitr_MitrUITests.framework */; };
		B22DFCB21C67035DB9E12939 /* Pods_Mitr.framework in Frameworks */ = {isa = PBXBuildFile; fileRef = C54EE351ED9DCBA9C018F9D6 /* Pods_Mitr.framework */; };
		DCC3CBA2ABA050C82492D8C4 /* Pods_MitrTests.framework in Frameworks */ = {isa = PBXBuildFile; fileRef = 75B46E7AC8979971C0149FB3 /* Pods_MitrTests.framework */; };
/* End PBXBuildFile section */

/* Begin PBXContainerItemProxy section */
		14339F142D72E7B3003E06CD /* PBXContainerItemProxy */ = {
			isa = PBXContainerItemProxy;
			containerPortal = 14339EFB2D72E7AF003E06CD /* Project object */;
			proxyType = 1;
			remoteGlobalIDString = 14339F022D72E7AF003E06CD;
			remoteInfo = Mitr;
		};
		14339F1E2D72E7B3003E06CD /* PBXContainerItemProxy */ = {
			isa = PBXContainerItemProxy;
			containerPortal = 14339EFB2D72E7AF003E06CD /* Project object */;
			proxyType = 1;
			remoteGlobalIDString = 14339F022D72E7AF003E06CD;
			remoteInfo = Mitr;
		};
/* End PBXContainerItemProxy section */

/* Begin PBXFileReference section */
		14339F032D72E7AF003E06CD /* Mitr.app */ = {isa = PBXFileReference; explicitFileType = wrapper.application; includeInIndex = 0; path = Mitr.app; sourceTree = BUILT_PRODUCTS_DIR; };
		14339F132D72E7B3003E06CD /* MitrTests.xctest */ = {isa = PBXFileReference; explicitFileType = wrapper.cfbundle; includeInIndex = 0; path = MitrTests.xctest; sourceTree = BUILT_PRODUCTS_DIR; };
		14339F1D2D72E7B3003E06CD /* MitrUITests.xctest */ = {isa = PBXFileReference; explicitFileType = wrapper.cfbundle; includeInIndex = 0; path = MitrUITests.xctest; sourceTree = BUILT_PRODUCTS_DIR; };
		681D1FAFFB09A112F9662F48 /* Pods_Mitr_MitrUITests.framework */ = {isa = PBXFileReference; explicitFileType = wrapper.framework; includeInIndex = 0; path = Pods_Mitr_MitrUITests.framework; sourceTree = BUILT_PRODUCTS_DIR; };
		6E81D7FA8D765A747057093A /* Pods-Mitr.debug.xcconfig */ = {isa = PBXFileReference; includeInIndex = 1; lastKnownFileType = text.xcconfig; name = "Pods-Mitr.debug.xcconfig"; path = "Target Support Files/Pods-Mitr/Pods-Mitr.debug.xcconfig"; sourceTree = "<group>"; };
		75B46E7AC8979971C0149FB3 /* Pods_MitrTests.framework */ = {isa = PBXFileReference; explicitFileType = wrapper.framework; includeInIndex = 0; path = Pods_MitrTests.framework; sourceTree = BUILT_PRODUCTS_DIR; };
		7CACC59EF72DEF152843D828 /* Pods-Mitr.release.xcconfig */ = {isa = PBXFileReference; includeInIndex = 1; lastKnownFileType = text.xcconfig; name = "Pods-Mitr.release.xcconfig"; path = "Target Support Files/Pods-Mitr/Pods-Mitr.release.xcconfig"; sourceTree = "<group>"; };
		8C35C802E92300C3DB11CAE7 /* Pods-MitrTests.debug.xcconfig */ = {isa = PBXFileReference; includeInIndex = 1; lastKnownFileType = text.xcconfig; name = "Pods-MitrTests.debug.xcconfig"; path = "Target Support Files/Pods-MitrTests/Pods-MitrTests.debug.xcconfig"; sourceTree = "<group>"; };
		A5E5021430D70F7EB4386C28 /* Pods-MitrTests.release.xcconfig */ = {isa = PBXFileReference; includeInIndex = 1; lastKnownFileType = text.xcconfig; name = "Pods-MitrTests.release.xcconfig"; path = "Target Support Files/Pods-MitrTests/Pods-MitrTests.release.xcconfig"; sourceTree = "<group>"; };
		C54EE351ED9DCBA9C018F9D6 /* Pods_Mitr.framework */ = {isa = PBXFileReference; explicitFileType = wrapper.framework; includeInIndex = 0; path = Pods_Mitr.framework; sourceTree = BUILT_PRODUCTS_DIR; };
		C58757B5C1BF72433232F6EB /* Pods-Mitr-MitrUITests.debug.xcconfig */ = {isa = PBXFileReference; includeInIndex = 1; lastKnownFileType = text.xcconfig; name = "Pods-Mitr-MitrUITests.debug.xcconfig"; path = "Target Support Files/Pods-Mitr-MitrUITests/Pods-Mitr-MitrUITests.debug.xcconfig"; sourceTree = "<group>"; };
		C855DF76180D7AF4A1780C2B /* Pods-Mitr-MitrUITests.release.xcconfig */ = {isa = PBXFileReference; includeInIndex = 1; lastKnownFileType = text.xcconfig; name = "Pods-Mitr-MitrUITests.release.xcconfig"; path = "Target Support Files/Pods-Mitr-MitrUITests/Pods-Mitr-MitrUITests.release.xcconfig"; sourceTree = "<group>"; };
/* End PBXFileReference section */

/* Begin PBXFileSystemSynchronizedRootGroup section */
		14339F052D72E7AF003E06CD /* Mitr */ = {
			isa = PBXFileSystemSynchronizedRootGroup;
			exceptions = (
			);
			path = Mitr;
			sourceTree = "<group>";
		};
		14339F162D72E7B3003E06CD /* MitrTests */ = {
			isa = PBXFileSystemSynchronizedRootGroup;
			exceptions = (
			);
			path = MitrTests;
			sourceTree = "<group>";
		};
		14339F202D72E7B3003E06CD /* MitrUITests */ = {
			isa = PBXFileSystemSynchronizedRootGroup;
			exceptions = (
			);
			path = MitrUITests;
			sourceTree = "<group>";
		};
/* End PBXFileSystemSynchronizedRootGroup section */

/* Begin PBXFrameworksBuildPhase section */
		14339F002D72E7AF003E06CD /* Frameworks */ = {
			isa = PBXFrameworksBuildPhase;
			buildActionMask = 2147483647;
			files = (
				B22DFCB21C67035DB9E12939 /* Pods_Mitr.framework in Frameworks */,
			);
			runOnlyForDeploymentPostprocessing = 0;
		};
		14339F102D72E7B3003E06CD /* Frameworks */ = {
			isa = PBXFrameworksBuildPhase;
			buildActionMask = 2147483647;
			files = (
				DCC3CBA2ABA050C82492D8C4 /* Pods_MitrTests.framework in Frameworks */,
			);
			runOnlyForDeploymentPostprocessing = 0;
		};
		14339F1A2D72E7B3003E06CD /* Frameworks */ = {
			isa = PBXFrameworksBuildPhase;
			buildActionMask = 2147483647;
			files = (
				091870AC03241FE022E04587 /* Pods_Mitr_MitrUITests.framework in Frameworks */,
			);
			runOnlyForDeploymentPostprocessing = 0;
		};
/* End PBXFrameworksBuildPhase section */

/* Begin PBXGroup section */
		14339EFA2D72E7AF003E06CD = {
			isa = PBXGroup;
			children = (
				14339F052D72E7AF003E06CD /* Mitr */,
				14339F162D72E7B3003E06CD /* MitrTests */,
				14339F202D72E7B3003E06CD /* MitrUITests */,
				14339F042D72E7AF003E06CD /* Products */,
				8E26E7B10BCE03D741C30764 /* Pods */,
				AB23F7127A9248331224A864 /* Frameworks */,
			);
			sourceTree = "<group>";
		};
		14339F042D72E7AF003E06CD /* Products */ = {
			isa = PBXGroup;
			children = (
				14339F032D72E7AF003E06CD /* Mitr.app */,
				14339F132D72E7B3003E06CD /* MitrTests.xctest */,
				14339F1D2D72E7B3003E06CD /* MitrUITests.xctest */,
			);
			name = Products;
			sourceTree = "<group>";
		};
		8E26E7B10BCE03D741C30764 /* Pods */ = {
			isa = PBXGroup;
			children = (
				6E81D7FA8D765A747057093A /* Pods-Mitr.debug.xcconfig */,
				7CACC59EF72DEF152843D828 /* Pods-Mitr.release.xcconfig */,
				C58757B5C1BF72433232F6EB /* Pods-Mitr-MitrUITests.debug.xcconfig */,
				C855DF76180D7AF4A1780C2B /* Pods-Mitr-MitrUITests.release.xcconfig */,
				8C35C802E92300C3DB11CAE7 /* Pods-MitrTests.debug.xcconfig */,
				A5E5021430D70F7EB4386C28 /* Pods-MitrTests.release.xcconfig */,
			);
			name = Pods;
			path = Pods;
			sourceTree = "<group>";
		};
		AB23F7127A9248331224A864 /* Frameworks */ = {
			isa = PBXGroup;
			children = (
				C54EE351ED9DCBA9C018F9D6 /* Pods_Mitr.framework */,
				681D1FAFFB09A112F9662F48 /* Pods_Mitr_MitrUITests.framework */,
				75B46E7AC8979971C0149FB3 /* Pods_MitrTests.framework */,
			);
			name = Frameworks;
			sourceTree = "<group>";
		};
/* End PBXGroup section */

/* Begin PBXNativeTarget section */
		14339F022D72E7AF003E06CD /* Mitr */ = {
			isa = PBXNativeTarget;
			buildConfigurationList = 14339F272D72E7B3003E06CD /* Build configuration list for PBXNativeTarget "Mitr" */;
			buildPhases = (
				7D431C9052FCE710D0CF144D /* [CP] Check Pods Manifest.lock */,
				14339EFF2D72E7AF003E06CD /* Sources */,
				14339F002D72E7AF003E06CD /* Frameworks */,
				14339F012D72E7AF003E06CD /* Resources */,
				DA3F9C877D3BAE4412600EF9 /* [CP] Embed Pods Frameworks */,
			);
			buildRules = (
			);
			dependencies = (
			);
			fileSystemSynchronizedGroups = (
				14339F052D72E7AF003E06CD /* Mitr */,
			);
			name = Mitr;
			productName = Mitr;
			productReference = 14339F032D72E7AF003E06CD /* Mitr.app */;
			productType = "com.apple.product-type.application";
		};
		14339F122D72E7B3003E06CD /* MitrTests */ = {
			isa = PBXNativeTarget;
			buildConfigurationList = 14339F2A2D72E7B3003E06CD /* Build configuration list for PBXNativeTarget "MitrTests" */;
			buildPhases = (
				7083E53F89A75F30D1622383 /* [CP] Check Pods Manifest.lock */,
				14339F0F2D72E7B3003E06CD /* Sources */,
				14339F102D72E7B3003E06CD /* Frameworks */,
				14339F112D72E7B3003E06CD /* Resources */,
			);
			buildRules = (
			);
			dependencies = (
				14339F152D72E7B3003E06CD /* PBXTargetDependency */,
			);
			fileSystemSynchronizedGroups = (
				14339F162D72E7B3003E06CD /* MitrTests */,
			);
			name = MitrTests;
			productName = MitrTests;
			productReference = 14339F132D72E7B3003E06CD /* MitrTests.xctest */;
			productType = "com.apple.product-type.bundle.unit-test";
		};
		14339F1C2D72E7B3003E06CD /* MitrUITests */ = {
			isa = PBXNativeTarget;
			buildConfigurationList = 14339F2D2D72E7B3003E06CD /* Build configuration list for PBXNativeTarget "MitrUITests" */;
			buildPhases = (
				D89EAE3DDA9E40B60426E232 /* [CP] Check Pods Manifest.lock */,
				14339F192D72E7B3003E06CD /* Sources */,
				14339F1A2D72E7B3003E06CD /* Frameworks */,
				14339F1B2D72E7B3003E06CD /* Resources */,
				C6EAA3936012BCAF8D58F8F9 /* [CP] Embed Pods Frameworks */,
			);
			buildRules = (
			);
			dependencies = (
				14339F1F2D72E7B3003E06CD /* PBXTargetDependency */,
			);
			fileSystemSynchronizedGroups = (
				14339F202D72E7B3003E06CD /* MitrUITests */,
			);
			name = MitrUITests;
			productName = MitrUITests;
			productReference = 14339F1D2D72E7B3003E06CD /* MitrUITests.xctest */;
			productType = "com.apple.product-type.bundle.ui-testing";
		};
/* End PBXNativeTarget section */

/* Begin PBXProject section */
		14339EFB2D72E7AF003E06CD /* Project object */ = {
			isa = PBXProject;
			attributes = {
				BuildIndependentTargetsInParallel = 1;
				LastSwiftUpdateCheck = 1620;
				LastUpgradeCheck = 1620;
				TargetAttributes = {
					14339F022D72E7AF003E06CD = {
						CreatedOnToolsVersion = 16.2;
					};
					14339F122D72E7B3003E06CD = {
						CreatedOnToolsVersion = 16.2;
						TestTargetID = 14339F022D72E7AF003E06CD;
					};
					14339F1C2D72E7B3003E06CD = {
						CreatedOnToolsVersion = 16.2;
						TestTargetID = 14339F022D72E7AF003E06CD;
					};
				};
			};
			buildConfigurationList = 14339EFE2D72E7AF003E06CD /* Build configuration list for PBXProject "Mitr" */;
			developmentRegion = en;
			hasScannedForEncodings = 0;
			knownRegions = (
				en,
				Base,
			);
			mainGroup = 14339EFA2D72E7AF003E06CD;
			minimizedProjectReferenceProxies = 1;
			preferredProjectObjectVersion = 77;
			productRefGroup = 14339F042D72E7AF003E06CD /* Products */;
			projectDirPath = "";
			projectRoot = "";
			targets = (
				14339F022D72E7AF003E06CD /* Mitr */,
				14339F122D72E7B3003E06CD /* MitrTests */,
				14339F1C2D72E7B3003E06CD /* MitrUITests */,
			);
		};
/* End PBXProject section */

/* Begin PBXResourcesBuildPhase section */
		14339F012D72E7AF003E06CD /* Resources */ = {
			isa = PBXResourcesBuildPhase;
			buildActionMask = 2147483647;
			files = (
			);
			runOnlyForDeploymentPostprocessing = 0;
		};
		14339F112D72E7B3003E06CD /* Resources */ = {
			isa = PBXResourcesBuildPhase;
			buildActionMask = 2147483647;
			files = (
			);
			runOnlyForDeploymentPostprocessing = 0;
		};
		14339F1B2D72E7B3003E06CD /* Resources */ = {
			isa = PBXResourcesBuildPhase;
			buildActionMask = 2147483647;
			files = (
			);
			runOnlyForDeploymentPostprocessing = 0;
		};
/* End PBXResourcesBuildPhase section */

/* Begin PBXShellScriptBuildPhase section */
		7083E53F89A75F30D1622383 /* [CP] Check Pods Manifest.lock */ = {
			isa = PBXShellScriptBuildPhase;
			buildActionMask = 2147483647;
			files = (
			);
			inputFileListPaths = (
			);
			inputPaths = (
				"${PODS_PODFILE_DIR_PATH}/Podfile.lock",
				"${PODS_ROOT}/Manifest.lock",
			);
			name = "[CP] Check Pods Manifest.lock";
			outputFileListPaths = (
			);
			outputPaths = (
				"$(DERIVED_FILE_DIR)/Pods-MitrTests-checkManifestLockResult.txt",
			);
			runOnlyForDeploymentPostprocessing = 0;
			shellPath = /bin/sh;
			shellScript = "diff \"${PODS_PODFILE_DIR_PATH}/Podfile.lock\" \"${PODS_ROOT}/Manifest.lock\" > /dev/null\nif [ $? != 0 ] ; then\n    # print error to STDERR\n    echo \"error: The sandbox is not in sync with the Podfile.lock. Run 'pod install' or update your CocoaPods installation.\" >&2\n    exit 1\nfi\n# This output is used by Xcode 'outputs' to avoid re-running this script phase.\necho \"SUCCESS\" > \"${SCRIPT_OUTPUT_FILE_0}\"\n";
			showEnvVarsInLog = 0;
		};
		7D431C9052FCE710D0CF144D /* [CP] Check Pods Manifest.lock */ = {
			isa = PBXShellScriptBuildPhase;
			buildActionMask = 2147483647;
			files = (
			);
			inputFileListPaths = (
			);
			inputPaths = (
				"${PODS_PODFILE_DIR_PATH}/Podfile.lock",
				"${PODS_ROOT}/Manifest.lock",
			);
			name = "[CP] Check Pods Manifest.lock";
			outputFileListPaths = (
			);
			outputPaths = (
				"$(DERIVED_FILE_DIR)/Pods-Mitr-checkManifestLockResult.txt",
			);
			runOnlyForDeploymentPostprocessing = 0;
			shellPath = /bin/sh;
			shellScript = "diff \"${PODS_PODFILE_DIR_PATH}/Podfile.lock\" \"${PODS_ROOT}/Manifest.lock\" > /dev/null\nif [ $? != 0 ] ; then\n    # print error to STDERR\n    echo \"error: The sandbox is not in sync with the Podfile.lock. Run 'pod install' or update your CocoaPods installation.\" >&2\n    exit 1\nfi\n# This output is used by Xcode 'outputs' to avoid re-running this script phase.\necho \"SUCCESS\" > \"${SCRIPT_OUTPUT_FILE_0}\"\n";
			showEnvVarsInLog = 0;
		};
		C6EAA3936012BCAF8D58F8F9 /* [CP] Embed Pods Frameworks */ = {
			isa = PBXShellScriptBuildPhase;
			buildActionMask = 2147483647;
			files = (
			);
			inputFileListPaths = (
				"${PODS_ROOT}/Target Support Files/Pods-Mitr-MitrUITests/Pods-Mitr-MitrUITests-frameworks-${CONFIGURATION}-input-files.xcfilelist",
			);
			name = "[CP] Embed Pods Frameworks";
			outputFileListPaths = (
				"${PODS_ROOT}/Target Support Files/Pods-Mitr-MitrUITests/Pods-Mitr-MitrUITests-frameworks-${CONFIGURATION}-output-files.xcfilelist",
			);
			runOnlyForDeploymentPostprocessing = 0;
			shellPath = /bin/sh;
			shellScript = "\"${PODS_ROOT}/Target Support Files/Pods-Mitr-MitrUITests/Pods-Mitr-MitrUITests-frameworks.sh\"\n";
			showEnvVarsInLog = 0;
		};
		D89EAE3DDA9E40B60426E232 /* [CP] Check Pods Manifest.lock */ = {
			isa = PBXShellScriptBuildPhase;
			buildActionMask = 2147483647;
			files = (
			);
			inputFileListPaths = (
			);
			inputPaths = (
				"${PODS_PODFILE_DIR_PATH}/Podfile.lock",
				"${PODS_ROOT}/Manifest.lock",
			);
			name = "[CP] Check Pods Manifest.lock";
			outputFileListPaths = (
			);
			outputPaths = (
				"$(DERIVED_FILE_DIR)/Pods-Mitr-MitrUITests-checkManifestLockResult.txt",
			);
			runOnlyForDeploymentPostprocessing = 0;
			shellPath = /bin/sh;
			shellScript = "diff \"${PODS_PODFILE_DIR_PATH}/Podfile.lock\" \"${PODS_ROOT}/Manifest.lock\" > /dev/null\nif [ $? != 0 ] ; then\n    # print error to STDERR\n    echo \"error: The sandbox is not in sync with the Podfile.lock. Run 'pod install' or update your CocoaPods installation.\" >&2\n    exit 1\nfi\n# This output is used by Xcode 'outputs' to avoid re-running this script phase.\necho \"SUCCESS\" > \"${SCRIPT_OUTPUT_FILE_0}\"\n";
			showEnvVarsInLog = 0;
		};
		DA3F9C877D3BAE4412600EF9 /* [CP] Embed Pods Frameworks */ = {
			isa = PBXShellScriptBuildPhase;
			buildActionMask = 2147483647;
			files = (
			);
			inputFileListPaths = (
				"${PODS_ROOT}/Target Support Files/Pods-Mitr/Pods-Mitr-frameworks-${CONFIGURATION}-input-files.xcfilelist",
			);
			name = "[CP] Embed Pods Frameworks";
			outputFileListPaths = (
				"${PODS_ROOT}/Target Support Files/Pods-Mitr/Pods-Mitr-frameworks-${CONFIGURATION}-output-files.xcfilelist",
			);
			runOnlyForDeploymentPostprocessing = 0;
			shellPath = /bin/sh;
			shellScript = "\"${PODS_ROOT}/Target Support Files/Pods-Mitr/Pods-Mitr-frameworks.sh\"\n";
			showEnvVarsInLog = 0;
		};
/* End PBXShellScriptBuildPhase section */

/* Begin PBXSourcesBuildPhase section */
		14339EFF2D72E7AF003E06CD /* Sources */ = {
			isa = PBXSourcesBuildPhase;
			buildActionMask = 2147483647;
			files = (
			);
			runOnlyForDeploymentPostprocessing = 0;
		};
		14339F0F2D72E7B3003E06CD /* Sources */ = {
			isa = PBXSourcesBuildPhase;
			buildActionMask = 2147483647;
			files = (
			);
			runOnlyForDeploymentPostprocessing = 0;
		};
		14339F192D72E7B3003E06CD /* Sources */ = {
			isa = PBXSourcesBuildPhase;
			buildActionMask = 2147483647;
			files = (
			);
			runOnlyForDeploymentPostprocessing = 0;
		};
/* End PBXSourcesBuildPhase section */

/* Begin PBXTargetDependency section */
		14339F152D72E7B3003E06CD /* PBXTargetDependency */ = {
			isa = PBXTargetDependency;
			target = 14339F022D72E7AF003E06CD /* Mitr */;
			targetProxy = 14339F142D72E7B3003E06CD /* PBXContainerItemProxy */;
		};
		14339F1F2D72E7B3003E06CD /* PBXTargetDependency */ = {
			isa = PBXTargetDependency;
			target = 14339F022D72E7AF003E06CD /* Mitr */;
			targetProxy = 14339F1E2D72E7B3003E06CD /* PBXContainerItemProxy */;
		};
/* End PBXTargetDependency section */

/* Begin XCBuildConfiguration section */
		14339F252D72E7B3003E06CD /* Debug */ = {
			isa = XCBuildConfiguration;
			buildSettings = {
				ALWAYS_SEARCH_USER_PATHS = NO;
				ASSETCATALOG_COMPILER_GENERATE_SWIFT_ASSET_SYMBOL_EXTENSIONS = YES;
				CLANG_ANALYZER_NONNULL = YES;
				CLANG_ANALYZER_NUMBER_OBJECT_CONVERSION = YES_AGGRESSIVE;
				CLANG_CXX_LANGUAGE_STANDARD = "gnu++20";
				CLANG_ENABLE_MODULES = YES;
				CLANG_ENABLE_OBJC_ARC = YES;
				CLANG_ENABLE_OBJC_WEAK = YES;
				CLANG_WARN_BLOCK_CAPTURE_AUTORELEASING = YES;
				CLANG_WARN_BOOL_CONVERSION = YES;
				CLANG_WARN_COMMA = YES;
				CLANG_WARN_CONSTANT_CONVERSION = YES;
				CLANG_WARN_DEPRECATED_OBJC_IMPLEMENTATIONS = YES;
				CLANG_WARN_DIRECT_OBJC_ISA_USAGE = YES_ERROR;
				CLANG_WARN_DOCUMENTATION_COMMENTS = YES;
				CLANG_WARN_EMPTY_BODY = YES;
				CLANG_WARN_ENUM_CONVERSION = YES;
				CLANG_WARN_INFINITE_RECURSION = YES;
				CLANG_WARN_INT_CONVERSION = YES;
				CLANG_WARN_NON_LITERAL_NULL_CONVERSION = YES;
				CLANG_WARN_OBJC_IMPLICIT_RETAIN_SELF = YES;
				CLANG_WARN_OBJC_LITERAL_CONVERSION = YES;
				CLANG_WARN_OBJC_ROOT_CLASS = YES_ERROR;
				CLANG_WARN_QUOTED_INCLUDE_IN_FRAMEWORK_HEADER = YES;
				CLANG_WARN_RANGE_LOOP_ANALYSIS = YES;
				CLANG_WARN_STRICT_PROTOTYPES = YES;
				CLANG_WARN_SUSPICIOUS_MOVE = YES;
				CLANG_WARN_UNGUARDED_AVAILABILITY = YES_AGGRESSIVE;
				CLANG_WARN_UNREACHABLE_CODE = YES;
				CLANG_WARN__DUPLICATE_METHOD_MATCH = YES;
				COPY_PHASE_STRIP = NO;
				DEBUG_INFORMATION_FORMAT = dwarf;
				ENABLE_STRICT_OBJC_MSGSEND = YES;
				ENABLE_TESTABILITY = YES;
				ENABLE_USER_SCRIPT_SANDBOXING = YES;
				GCC_C_LANGUAGE_STANDARD = gnu17;
				GCC_DYNAMIC_NO_PIC = NO;
				GCC_NO_COMMON_BLOCKS = YES;
				GCC_OPTIMIZATION_LEVEL = 0;
				GCC_PREPROCESSOR_DEFINITIONS = (
					"DEBUG=1",
					"$(inherited)",
				);
				GCC_WARN_64_TO_32_BIT_CONVERSION = YES;
				GCC_WARN_ABOUT_RETURN_TYPE = YES_ERROR;
				GCC_WARN_UNDECLARED_SELECTOR = YES;
				GCC_WARN_UNINITIALIZED_AUTOS = YES_AGGRESSIVE;
				GCC_WARN_UNUSED_FUNCTION = YES;
				GCC_WARN_UNUSED_VARIABLE = YES;
				IPHONEOS_DEPLOYMENT_TARGET = 18.2;
				LOCALIZATION_PREFERS_STRING_CATALOGS = YES;
				MTL_ENABLE_DEBUG_INFO = INCLUDE_SOURCE;
				MTL_FAST_MATH = YES;
				ONLY_ACTIVE_ARCH = YES;
				SDKROOT = iphoneos;
				SWIFT_ACTIVE_COMPILATION_CONDITIONS = "DEBUG $(inherited)";
				SWIFT_OPTIMIZATION_LEVEL = "-Onone";
			};
			name = Debug;
		};
		14339F262D72E7B3003E06CD /* Release */ = {
			isa = XCBuildConfiguration;
			buildSettings = {
				ALWAYS_SEARCH_USER_PATHS = NO;
				ASSETCATALOG_COMPILER_GENERATE_SWIFT_ASSET_SYMBOL_EXTENSIONS = YES;
				CLANG_ANALYZER_NONNULL = YES;
				CLANG_ANALYZER_NUMBER_OBJECT_CONVERSION = YES_AGGRESSIVE;
				CLANG_CXX_LANGUAGE_STANDARD = "gnu++20";
				CLANG_ENABLE_MODULES = YES;
				CLANG_ENABLE_OBJC_ARC = YES;
				CLANG_ENABLE_OBJC_WEAK = YES;
				CLANG_WARN_BLOCK_CAPTURE_AUTORELEASING = YES;
				CLANG_WARN_BOOL_CONVERSION = YES;
				CLANG_WARN_COMMA = YES;
				CLANG_WARN_CONSTANT_CONVERSION = YES;
				CLANG_WARN_DEPRECATED_OBJC_IMPLEMENTATIONS = YES;
				CLANG_WARN_DIRECT_OBJC_ISA_USAGE = YES_ERROR;
				CLANG_WARN_DOCUMENTATION_COMMENTS = YES;
				CLANG_WARN_EMPTY_BODY = YES;
				CLANG_WARN_ENUM_CONVERSION = YES;
				CLANG_WARN_INFINITE_RECURSION = YES;
				CLANG_WARN_INT_CONVERSION = YES;
				CLANG_WARN_NON_LITERAL_NULL_CONVERSION = YES;
				CLANG_WARN_OBJC_IMPLICIT_RETAIN_SELF = YES;
				CLANG_WARN_OBJC_LITERAL_CONVERSION = YES;
				CLANG_WARN_OBJC_ROOT_CLASS = YES_ERROR;
				CLANG_WARN_QUOTED_INCLUDE_IN_FRAMEWORK_HEADER = YES;
				CLANG_WARN_RANGE_LOOP_ANALYSIS = YES;
				CLANG_WARN_STRICT_PROTOTYPES = YES;
				CLANG_WARN_SUSPICIOUS_MOVE = YES;
				CLANG_WARN_UNGUARDED_AVAILABILITY = YES_AGGRESSIVE;
				CLANG_WARN_UNREACHABLE_CODE = YES;
				CLANG_WARN__DUPLICATE_METHOD_MATCH = YES;
				COPY_PHASE_STRIP = NO;
				DEBUG_INFORMATION_FORMAT = "dwarf-with-dsym";
				ENABLE_NS_ASSERTIONS = NO;
				ENABLE_STRICT_OBJC_MSGSEND = YES;
				ENABLE_USER_SCRIPT_SANDBOXING = YES;
				GCC_C_LANGUAGE_STANDARD = gnu17;
				GCC_NO_COMMON_BLOCKS = YES;
				GCC_WARN_64_TO_32_BIT_CONVERSION = YES;
				GCC_WARN_ABOUT_RETURN_TYPE = YES_ERROR;
				GCC_WARN_UNDECLARED_SELECTOR = YES;
				GCC_WARN_UNINITIALIZED_AUTOS = YES_AGGRESSIVE;
				GCC_WARN_UNUSED_FUNCTION = YES;
				GCC_WARN_UNUSED_VARIABLE = YES;
				IPHONEOS_DEPLOYMENT_TARGET = 18.2;
				LOCALIZATION_PREFERS_STRING_CATALOGS = YES;
				MTL_ENABLE_DEBUG_INFO = NO;
				MTL_FAST_MATH = YES;
				SDKROOT = iphoneos;
				SWIFT_COMPILATION_MODE = wholemodule;
				VALIDATE_PRODUCT = YES;
			};
			name = Release;
		};
		14339F282D72E7B3003E06CD /* Debug */ = {
			isa = XCBuildConfiguration;
			baseConfigurationReference = 6E81D7FA8D765A747057093A /* Pods-Mitr.debug.xcconfig */;
			buildSettings = {
				ASSETCATALOG_COMPILER_APPICON_NAME = AppIcon;
				ASSETCATALOG_COMPILER_GLOBAL_ACCENT_COLOR_NAME = AccentColor;
				CODE_SIGN_STYLE = Automatic;
				CURRENT_PROJECT_VERSION = 1;
				DEVELOPMENT_ASSET_PATHS = "\"Mitr/Preview Content\"";
				DEVELOPMENT_TEAM = 2J897GT7TY;
				ENABLE_PREVIEWS = YES;
				GENERATE_INFOPLIST_FILE = YES;
				INFOPLIST_KEY_UIApplicationSceneManifest_Generation = YES;
				INFOPLIST_KEY_UIApplicationSupportsIndirectInputEvents = YES;
				INFOPLIST_KEY_UILaunchScreen_Generation = YES;
				INFOPLIST_KEY_UISupportedInterfaceOrientations_iPad = "UIInterfaceOrientationPortrait UIInterfaceOrientationPortraitUpsideDown UIInterfaceOrientationLandscapeLeft UIInterfaceOrientationLandscapeRight";
				INFOPLIST_KEY_UISupportedInterfaceOrientations_iPhone = "UIInterfaceOrientationPortrait UIInterfaceOrientationLandscapeLeft UIInterfaceOrientationLandscapeRight";
				LD_RUNPATH_SEARCH_PATHS = (
					"$(inherited)",
					"@executable_path/Frameworks",
				);
				MARKETING_VERSION = 1.0;
				PRODUCT_BUNDLE_IDENTIFIER = MitrConnect.Mitr;
				PRODUCT_NAME = "$(TARGET_NAME)";
				SWIFT_EMIT_LOC_STRINGS = YES;
				SWIFT_VERSION = 5.0;
				TARGETED_DEVICE_FAMILY = "1,2";
			};
			name = Debug;
		};
		14339F292D72E7B3003E06CD /* Release */ = {
			isa = XCBuildConfiguration;
			baseConfigurationReference = 7CACC59EF72DEF152843D828 /* Pods-Mitr.release.xcconfig */;
			buildSettings = {
				ASSETCATALOG_COMPILER_APPICON_NAME = AppIcon;
				ASSETCATALOG_COMPILER_GLOBAL_ACCENT_COLOR_NAME = AccentColor;
				CODE_SIGN_STYLE = Automatic;
				CURRENT_PROJECT_VERSION = 1;
				DEVELOPMENT_ASSET_PATHS = "\"Mitr/Preview Content\"";
				DEVELOPMENT_TEAM = 2J897GT7TY;
				ENABLE_PREVIEWS = YES;
				GENERATE_INFOPLIST_FILE = YES;
				INFOPLIST_KEY_UIApplicationSceneManifest_Generation = YES;
				INFOPLIST_KEY_UIApplicationSupportsIndirectInputEvents = YES;
				INFOPLIST_KEY_UILaunchScreen_Generation = YES;
				INFOPLIST_KEY_UISupportedInterfaceOrientations_iPad = "UIInterfaceOrientationPortrait UIInterfaceOrientationPortraitUpsideDown UIInterfaceOrientationLandscapeLeft UIInterfaceOrientationLandscapeRight";
				INFOPLIST_KEY_UISupportedInterfaceOrientations_iPhone = "UIInterfaceOrientationPortrait UIInterfaceOrientationLandscapeLeft UIInterfaceOrientationLandscapeRight";
				LD_RUNPATH_SEARCH_PATHS = (
					"$(inherited)",
					"@executable_path/Frameworks",
				);
				MARKETING_VERSION = 1.0;
				PRODUCT_BUNDLE_IDENTIFIER = MitrConnect.Mitr;
				PRODUCT_NAME = "$(TARGET_NAME)";
				SWIFT_EMIT_LOC_STRINGS = YES;
				SWIFT_VERSION = 5.0;
				TARGETED_DEVICE_FAMILY = "1,2";
			};
			name = Release;
		};
		14339F2B2D72E7B3003E06CD /* Debug */ = {
			isa = XCBuildConfiguration;
			baseConfigurationReference = 8C35C802E92300C3DB11CAE7 /* Pods-MitrTests.debug.xcconfig */;
			buildSettings = {
				BUNDLE_LOADER = "$(TEST_HOST)";
				CODE_SIGN_STYLE = Automatic;
				CURRENT_PROJECT_VERSION = 1;
				DEVELOPMENT_TEAM = 2J897GT7TY;
				GENERATE_INFOPLIST_FILE = YES;
				IPHONEOS_DEPLOYMENT_TARGET = 18.2;
				MARKETING_VERSION = 1.0;
				PRODUCT_BUNDLE_IDENTIFIER = MitrConnect.MitrTests;
				PRODUCT_NAME = "$(TARGET_NAME)";
				SWIFT_EMIT_LOC_STRINGS = NO;
				SWIFT_VERSION = 5.0;
				TARGETED_DEVICE_FAMILY = "1,2";
				TEST_HOST = "$(BUILT_PRODUCTS_DIR)/Mitr.app/$(BUNDLE_EXECUTABLE_FOLDER_PATH)/Mitr";
			};
			name = Debug;
		};
		14339F2C2D72E7B3003E06CD /* Release */ = {
			isa = XCBuildConfiguration;
			baseConfigurationReference = A5E5021430D70F7EB4386C28 /* Pods-MitrTests.release.xcconfig */;
			buildSettings = {
				BUNDLE_LOADER = "$(TEST_HOST)";
				CODE_SIGN_STYLE = Automatic;
				CURRENT_PROJECT_VERSION = 1;
				DEVELOPMENT_TEAM = 2J897GT7TY;
				GENERATE_INFOPLIST_FILE = YES;
				IPHONEOS_DEPLOYMENT_TARGET = 18.2;
				MARKETING_VERSION = 1.0;
				PRODUCT_BUNDLE_IDENTIFIER = MitrConnect.MitrTests;
				PRODUCT_NAME = "$(TARGET_NAME)";
				SWIFT_EMIT_LOC_STRINGS = NO;
				SWIFT_VERSION = 5.0;
				TARGETED_DEVICE_FAMILY = "1,2";
				TEST_HOST = "$(BUILT_PRODUCTS_DIR)/Mitr.app/$(BUNDLE_EXECUTABLE_FOLDER_PATH)/Mitr";
			};
			name = Release;
		};
		14339F2E2D72E7B3003E06CD /* Debug */ = {
			isa = XCBuildConfiguration;
			baseConfigurationReference = C58757B5C1BF72433232F6EB /* Pods-Mitr-MitrUITests.debug.xcconfig */;
			buildSettings = {
				CODE_SIGN_STYLE = Automatic;
				CURRENT_PROJECT_VERSION = 1;
				DEVELOPMENT_TEAM = 2J897GT7TY;
				GENERATE_INFOPLIST_FILE = YES;
				MARKETING_VERSION = 1.0;
				PRODUCT_BUNDLE_IDENTIFIER = MitrConnect.MitrUITests;
				PRODUCT_NAME = "$(TARGET_NAME)";
				SWIFT_EMIT_LOC_STRINGS = NO;
				SWIFT_VERSION = 5.0;
				TARGETED_DEVICE_FAMILY = "1,2";
				TEST_TARGET_NAME = Mitr;
			};
			name = Debug;
		};
		14339F2F2D72E7B3003E06CD /* Release */ = {
			isa = XCBuildConfiguration;
			baseConfigurationReference = C855DF76180D7AF4A1780C2B /* Pods-Mitr-MitrUITests.release.xcconfig */;
			buildSettings = {
				CODE_SIGN_STYLE = Automatic;
				CURRENT_PROJECT_VERSION = 1;
				DEVELOPMENT_TEAM = 2J897GT7TY;
				GENERATE_INFOPLIST_FILE = YES;
				MARKETING_VERSION = 1.0;
				PRODUCT_BUNDLE_IDENTIFIER = MitrConnect.MitrUITests;
				PRODUCT_NAME = "$(TARGET_NAME)";
				SWIFT_EMIT_LOC_STRINGS = NO;
				SWIFT_VERSION = 5.0;
				TARGETED_DEVICE_FAMILY = "1,2";
				TEST_TARGET_NAME = Mitr;
			};
			name = Release;
		};
/* End XCBuildConfiguration section */

/* Begin XCConfigurationList section */
		14339EFE2D72E7AF003E06CD /* Build configuration list for PBXProject "Mitr" */ = {
			isa = XCConfigurationList;
			buildConfigurations = (
				14339F252D72E7B3003E06CD /* Debug */,
				14339F262D72E7B3003E06CD /* Release */,
			);
			defaultConfigurationIsVisible = 0;
			defaultConfigurationName = Release;
		};
		14339F272D72E7B3003E06CD /* Build configuration list for PBXNativeTarget "Mitr" */ = {
			isa = XCConfigurationList;
			buildConfigurations = (
				14339F282D72E7B3003E06CD /* Debug */,
				14339F292D72E7B3003E06CD /* Release */,
			);
			defaultConfigurationIsVisible = 0;
			defaultConfigurationName = Release;
		};
		14339F2A2D72E7B3003E06CD /* Build configuration list for PBXNativeTarget "MitrTests" */ = {
			isa = XCConfigurationList;
			buildConfigurations = (
				14339F2B2D72E7B3003E06CD /* Debug */,
				14339F2C2D72E7B3003E06CD /* Release */,
			);
			defaultConfigurationIsVisible = 0;
			defaultConfigurationName = Release;
		};
		14339F2D2D72E7B3003E06CD /* Build configuration list for PBXNativeTarget "MitrUITests" */ = {
			isa = XCConfigurationList;
			buildConfigurations = (
				14339F2E2D72E7B3003E06CD /* Debug */,
				14339F2F2D72E7B3003E06CD /* Release */,
			);
			defaultConfigurationIsVisible = 0;
			defaultConfigurationName = Release;
		};
/* End XCConfigurationList section */
	};
	rootObject = 14339EFB2D72E7AF003E06CD /* Project object */;
}
